
Microsoft Visual Studio Solution File, Format Version 12.00
# Visual Studio Version 16
VisualStudioVersion = 16.0.31112.23
MinimumVisualStudioVersion = 10.0.40219.1
Project("{9A19103F-16F7-4668-BE54-9A1E7A4F7556}") = "ModelsApi", "ModelsApi\ModelsApi\ModelsApi.csproj", "{77BB4054-AE3C-4669-ADBF-26FB2BBE28A2}"
EndProject
Project("{FAE04EC0-301F-11D3-BF4B-00C04F79EFBC}") = "ModelsManagement", "ModelsManagement\ModelsManagement.csproj", "{8BD20EAC-0E38-42C9-BAE7-A8B8BC0F95E4}"
EndProject
Global
	GlobalSection(SolutionConfigurationPlatforms) = preSolution
		Debug|Any CPU = Debug|Any CPU
		Release|Any CPU = Release|Any CPU
	EndGlobalSection
	GlobalSection(ProjectConfigurationPlatforms) = postSolution
		{77BB4054-AE3C-4669-ADBF-26FB2BBE28A2}.Debug|Any CPU.ActiveCfg = Debug|Any CPU
		{77BB4054-AE3C-4669-ADBF-26FB2BBE28A2}.Debug|Any CPU.Build.0 = Debug|Any CPU
		{77BB4054-AE3C-4669-ADBF-26FB2BBE28A2}.Release|Any CPU.ActiveCfg = Release|Any CPU
		{77BB4054-AE3C-4669-ADBF-26FB2BBE28A2}.Release|Any CPU.Build.0 = Release|Any CPU
		{8BD20EAC-0E38-42C9-BAE7-A8B8BC0F95E4}.Debug|Any CPU.ActiveCfg = Debug|Any CPU
		{8BD20EAC-0E38-42C9-BAE7-A8B8BC0F95E4}.Debug|Any CPU.Build.0 = Debug|Any CPU
		{8BD20EAC-0E38-42C9-BAE7-A8B8BC0F95E4}.Release|Any CPU.ActiveCfg = Release|Any CPU
		{8BD20EAC-0E38-42C9-BAE7-A8B8BC0F95E4}.Release|Any CPU.Build.0 = Release|Any CPU
	EndGlobalSection
	GlobalSection(SolutionProperties) = preSolution
		HideSolutionNode = FALSE
	EndGlobalSection
	GlobalSection(ExtensibilityGlobals) = postSolution
		SolutionGuid = {097BDFC6-708A-4B38-8776-35774074A23C}
	EndGlobalSection
EndGlobal
